
Microsoft Visual Studio Solution File, Format Version 12.00
# Visual Studio Version 17
VisualStudioVersion = 17.12.35527.113 d17.12
MinimumVisualStudioVersion = 10.0.40219.1
Project("{FAE04EC0-301F-11D3-BF4B-00C04F79EFBC}") = "ZUGFerd.XUnitTests", "ZUGFerd.XUnitTests.csproj", "{96577684-AAC2-4767-89A1-D229EC8A008F}"
EndProject
Project("{FAE04EC0-301F-11D3-BF4B-00C04F79EFBC}") = "ZUGFeRD", "..\ZUGFeRD\ZUGFeRD.csproj", "{DE4F5FE8-775B-4956-AD9A-084488E8B63C}"
EndProject
Global
	GlobalSection(SolutionConfigurationPlatforms) = preSolution
		Debug|Any CPU = Debug|Any CPU
		Release|Any CPU = Release|Any CPU
	EndGlobalSection
	GlobalSection(ProjectConfigurationPlatforms) = postSolution
		{96577684-AAC2-4767-89A1-D229EC8A008F}.Debug|Any CPU.ActiveCfg = Debug|Any CPU
		{96577684-AAC2-4767-89A1-D229EC8A008F}.Debug|Any CPU.Build.0 = Debug|Any CPU
		{96577684-AAC2-4767-89A1-D229EC8A008F}.Release|Any CPU.ActiveCfg = Release|Any CPU
		{96577684-AAC2-4767-89A1-D229EC8A008F}.Release|Any CPU.Build.0 = Release|Any CPU
		{DE4F5FE8-775B-4956-AD9A-084488E8B63C}.Debug|Any CPU.ActiveCfg = Debug|Any CPU
		{DE4F5FE8-775B-4956-AD9A-084488E8B63C}.Debug|Any CPU.Build.0 = Debug|Any CPU
		{DE4F5FE8-775B-4956-AD9A-084488E8B63C}.Release|Any CPU.ActiveCfg = Release|Any CPU
		{DE4F5FE8-775B-4956-AD9A-084488E8B63C}.Release|Any CPU.Build.0 = Release|Any CPU
	EndGlobalSection
	GlobalSection(SolutionProperties) = preSolution
		HideSolutionNode = FALSE
	EndGlobalSection
EndGlobal
